
Microsoft Visual Studio Solution File, Format Version 12.00
# Visual Studio Version 17
VisualStudioVersion = 17.14.36408.4 d17.14
MinimumVisualStudioVersion = 10.0.40219.1
Project("{FAE04EC0-301F-11D3-BF4B-00C04F79EFBC}") = "TPWinForm_equipo-20B", "TPWinForm_equipo-20B\TPWinForm_equipo-20B.csproj", "{722A24C5-05C6-457A-A788-213690022B08}"
EndProject
Project("{FAE04EC0-301F-11D3-BF4B-00C04F79EFBC}") = "dominio", "dominio\dominio.csproj", "{6D079328-53CC-4A97-BFB3-388979B1CCC5}"
EndProject
Project("{FAE04EC0-301F-11D3-BF4B-00C04F79EFBC}") = "negocio", "negocio\negocio.csproj", "{FBE09CFC-372B-45EB-A1DD-BF2CC19F9AB7}"
EndProject
Global
	GlobalSection(SolutionConfigurationPlatforms) = preSolution
		Debug|Any CPU = Debug|Any CPU
		Release|Any CPU = Release|Any CPU
	EndGlobalSection
	GlobalSection(ProjectConfigurationPlatforms) = postSolution
		{722A24C5-05C6-457A-A788-213690022B08}.Debug|Any CPU.ActiveCfg = Debug|Any CPU
		{722A24C5-05C6-457A-A788-213690022B08}.Debug|Any CPU.Build.0 = Debug|Any CPU
		{722A24C5-05C6-457A-A788-213690022B08}.Release|Any CPU.ActiveCfg = Release|Any CPU
		{722A24C5-05C6-457A-A788-213690022B08}.Release|Any CPU.Build.0 = Release|Any CPU
		{6D079328-53CC-4A97-BFB3-388979B1CCC5}.Debug|Any CPU.ActiveCfg = Debug|Any CPU
		{6D079328-53CC-4A97-BFB3-388979B1CCC5}.Debug|Any CPU.Build.0 = Debug|Any CPU
		{6D079328-53CC-4A97-BFB3-388979B1CCC5}.Release|Any CPU.ActiveCfg = Release|Any CPU
		{6D079328-53CC-4A97-BFB3-388979B1CCC5}.Release|Any CPU.Build.0 = Release|Any CPU
		{FBE09CFC-372B-45EB-A1DD-BF2CC19F9AB7}.Debug|Any CPU.ActiveCfg = Debug|Any CPU
		{FBE09CFC-372B-45EB-A1DD-BF2CC19F9AB7}.Debug|Any CPU.Build.0 = Debug|Any CPU
		{FBE09CFC-372B-45EB-A1DD-BF2CC19F9AB7}.Release|Any CPU.ActiveCfg = Release|Any CPU
		{FBE09CFC-372B-45EB-A1DD-BF2CC19F9AB7}.Release|Any CPU.Build.0 = Release|Any CPU
	EndGlobalSection
	GlobalSection(SolutionProperties) = preSolution
		HideSolutionNode = FALSE
	EndGlobalSection
	GlobalSection(ExtensibilityGlobals) = postSolution
		SolutionGuid = {2C4D0E22-C704-4324-85E7-DA27C75F1E56}
	EndGlobalSection
EndGlobal
